// !$*UTF8*$!
{
	archiveVersion = 1;
	classes = {
	};
	objectVersion = 46;
	objects = {

/* Begin PBXBuildFile section */
		9E0390D81A24DDA7007D38F7 /* PlaySoundsViewController.swift in Sources */ = {isa = PBXBuildFile; fileRef = 9E0390D71A24DDA7007D38F7 /* PlaySoundsViewController.swift */; };
		9E0390DA1A24E7E0007D38F7 /* movie_quote.mp3 in Resources */ = {isa = PBXBuildFile; fileRef = 9E0390D91A24E7E0007D38F7 /* movie_quote.mp3 */; };
		9E0B01DC1A2C9D88006E27FD /* RecordedAudio.swift in Sources */ = {isa = PBXBuildFile; fileRef = 9E0B01DB1A2C9D88006E27FD /* RecordedAudio.swift */; };
		9E0B01DE1A2CB520006E27FD /* Images.xcassets in Resources */ = {isa = PBXBuildFile; fileRef = 9E0B01DD1A2CB520006E27FD /* Images.xcassets */; };
		9EC4025E1A1E90F10075CD6B /* AppDelegate.swift in Sources */ = {isa = PBXBuildFile; fileRef = 9EC4025D1A1E90F10075CD6B /* AppDelegate.swift */; };
		9EC402601A1E90F10075CD6B /* RecordSoundsViewController.swift in Sources */ = {isa = PBXBuildFile; fileRef = 9EC4025F1A1E90F10075CD6B /* RecordSoundsViewController.swift */; };
		9EC402631A1E90F10075CD6B /* \.storyboard in Resources */ = {isa = PBXBuildFile; fileRef = 9EC402611A1E90F10075CD6B /* \.storyboard */; };
		9EC402681A1E90F10075CD6B /* LaunchScreen.xib in Resources */ = {isa = PBXBuildFile; fileRef = 9EC402661A1E90F10075CD6B /* LaunchScreen.xib */; };
		9EC402741A1E90F20075CD6B /* Pitch_PerfectTests.swift in Sources */ = {isa = PBXBuildFile; fileRef = 9EC402731A1E90F20075CD6B /* Pitch_PerfectTests.swift */; };
/* End PBXBuildFile section */

/* Begin PBXContainerItemProxy section */
		9EC4026E1A1E90F20075CD6B /* PBXContainerItemProxy */ = {
			isa = PBXContainerItemProxy;
			containerPortal = 9EC402501A1E90F10075CD6B /* Project object */;
			proxyType = 1;
			remoteGlobalIDString = 9EC402571A1E90F10075CD6B;
			remoteInfo = "Pitch Perfect";
		};
/* End PBXContainerItemProxy section */

/* Begin PBXFileReference section */
		9E0390D71A24DDA7007D38F7 /* PlaySoundsViewController.swift */ = {isa = PBXFileReference; fileEncoding = 4; lastKnownFileType = sourcecode.swift; path = PlaySoundsViewController.swift; sourceTree = "<group>"; };
		9E0390D91A24E7E0007D38F7 /* movie_quote.mp3 */ = {isa = PBXFileReference; lastKnownFileType = audio.mp3; name = movie_quote.mp3; path = ../movie_quote.mp3; sourceTree = "<group>"; };
		9E0B01DB1A2C9D88006E27FD /* RecordedAudio.swift */ = {isa = PBXFileReference; fileEncoding = 4; lastKnownFileType = sourcecode.swift; path = RecordedAudio.swift; sourceTree = "<group>"; };
		9E0B01DD1A2CB520006E27FD /* Images.xcassets */ = {isa = PBXFileReference; lastKnownFileType = folder.assetcatalog; path = Images.xcassets; sourceTree = "<group>"; };
		9EC402581A1E90F10075CD6B /* Pitch Perfect.app */ = {isa = PBXFileReference; explicitFileType = wrapper.application; includeInIndex = 0; path = "Pitch Perfect.app"; sourceTree = BUILT_PRODUCTS_DIR; };
		9EC4025C1A1E90F10075CD6B /* Info.plist */ = {isa = PBXFileReference; lastKnownFileType = text.plist.xml; path = Info.plist; sourceTree = "<group>"; };
		9EC4025D1A1E90F10075CD6B /* AppDelegate.swift */ = {isa = PBXFileReference; lastKnownFileType = sourcecode.swift; path = AppDelegate.swift; sourceTree = "<group>"; };
		9EC4025F1A1E90F10075CD6B /* RecordSoundsViewController.swift */ = {isa = PBXFileReference; lastKnownFileType = sourcecode.swift; path = RecordSoundsViewController.swift; sourceTree = "<group>"; };
		9EC402621A1E90F10075CD6B /* Base */ = {isa = PBXFileReference; lastKnownFileType = file.storyboard; name = Base; path = "Base.lproj/\\.storyboard"; sourceTree = "<group>"; };
		9EC402671A1E90F10075CD6B /* Base */ = {isa = PBXFileReference; lastKnownFileType = file.xib; name = Base; path = Base.lproj/LaunchScreen.xib; sourceTree = "<group>"; };
		9EC4026D1A1E90F20075CD6B /* Pitch PerfectTests.xctest */ = {isa = PBXFileReference; explicitFileType = wrapper.cfbundle; includeInIndex = 0; path = "Pitch PerfectTests.xctest"; sourceTree = BUILT_PRODUCTS_DIR; };
		9EC402721A1E90F20075CD6B /* Info.plist */ = {isa = PBXFileReference; lastKnownFileType = text.plist.xml; path = Info.plist; sourceTree = "<group>"; };
		9EC402731A1E90F20075CD6B /* Pitch_PerfectTests.swift */ = {isa = PBXFileReference; lastKnownFileType = sourcecode.swift; path = Pitch_PerfectTests.swift; sourceTree = "<group>"; };
/* End PBXFileReference section */

/* Begin PBXFrameworksBuildPhase section */
		9EC402551A1E90F10075CD6B /* Frameworks */ = {
			isa = PBXFrameworksBuildPhase;
			buildActionMask = 2147483647;
			files = (
			);
			runOnlyForDeploymentPostprocessing = 0;
		};
		9EC4026A1A1E90F20075CD6B /* Frameworks */ = {
			isa = PBXFrameworksBuildPhase;
			buildActionMask = 2147483647;
			files = (
			);
			runOnlyForDeploymentPostprocessing = 0;
		};
/* End PBXFrameworksBuildPhase section */

/* Begin PBXGroup section */
		9EC4024F1A1E90F10075CD6B = {
			isa = PBXGroup;
			children = (
				9EC4025A1A1E90F10075CD6B /* Pitch Perfect */,
				9EC402701A1E90F20075CD6B /* Pitch PerfectTests */,
				9EC402591A1E90F10075CD6B /* Products */,
			);
			sourceTree = "<group>";
		};
		9EC402591A1E90F10075CD6B /* Products */ = {
			isa = PBXGroup;
			children = (
				9EC402581A1E90F10075CD6B /* Pitch Perfect.app */,
				9EC4026D1A1E90F20075CD6B /* Pitch PerfectTests.xctest */,
			);
			name = Products;
			sourceTree = "<group>";
		};
		9EC4025A1A1E90F10075CD6B /* Pitch Perfect */ = {
			isa = PBXGroup;
			children = (
				9EC4025D1A1E90F10075CD6B /* AppDelegate.swift */,
				9E0B01DB1A2C9D88006E27FD /* RecordedAudio.swift */,
				9EC4025F1A1E90F10075CD6B /* RecordSoundsViewController.swift */,
				9E0390D71A24DDA7007D38F7 /* PlaySoundsViewController.swift */,
				9EC402611A1E90F10075CD6B /* \.storyboard */,
				9EC402661A1E90F10075CD6B /* LaunchScreen.xib */,
				9E0B01DD1A2CB520006E27FD /* Images.xcassets */,
				9EC4025B1A1E90F10075CD6B /* Supporting Files */,
			);
			path = "Pitch Perfect";
			sourceTree = "<group>";
		};
		9EC4025B1A1E90F10075CD6B /* Supporting Files */ = {
			isa = PBXGroup;
			children = (
				9EC4025C1A1E90F10075CD6B /* Info.plist */,
			);
			name = "Supporting Files";
			sourceTree = "<group>";
		};
		9EC402701A1E90F20075CD6B /* Pitch PerfectTests */ = {
			isa = PBXGroup;
			children = (
				9EC402731A1E90F20075CD6B /* Pitch_PerfectTests.swift */,
				9EC402711A1E90F20075CD6B /* Supporting Files */,
			);
			path = "Pitch PerfectTests";
			sourceTree = "<group>";
		};
		9EC402711A1E90F20075CD6B /* Supporting Files */ = {
			isa = PBXGroup;
			children = (
				9E0390D91A24E7E0007D38F7 /* movie_quote.mp3 */,
				9EC402721A1E90F20075CD6B /* Info.plist */,
			);
			name = "Supporting Files";
			sourceTree = "<group>";
		};
/* End PBXGroup section */

/* Begin PBXNativeTarget section */
		9EC402571A1E90F10075CD6B /* Pitch Perfect */ = {
			isa = PBXNativeTarget;
			buildConfigurationList = 9EC402771A1E90F20075CD6B /* Build configuration list for PBXNativeTarget "Pitch Perfect" */;
			buildPhases = (
				9EC402541A1E90F10075CD6B /* Sources */,
				9EC402551A1E90F10075CD6B /* Frameworks */,
				9EC402561A1E90F10075CD6B /* Resources */,
			);
			buildRules = (
			);
			dependencies = (
			);
			name = "Pitch Perfect";
			productName = "Pitch Perfect";
			productReference = 9EC402581A1E90F10075CD6B /* Pitch Perfect.app */;
			productType = "com.apple.product-type.application";
		};
		9EC4026C1A1E90F20075CD6B /* Pitch PerfectTests */ = {
			isa = PBXNativeTarget;
			buildConfigurationList = 9EC4027A1A1E90F20075CD6B /* Build configuration list for PBXNativeTarget "Pitch PerfectTests" */;
			buildPhases = (
				9EC402691A1E90F20075CD6B /* Sources */,
				9EC4026A1A1E90F20075CD6B /* Frameworks */,
				9EC4026B1A1E90F20075CD6B /* Resources */,
			);
			buildRules = (
			);
			dependencies = (
				9EC4026F1A1E90F20075CD6B /* PBXTargetDependency */,
			);
			name = "Pitch PerfectTests";
			productName = "Pitch PerfectTests";
			productReference = 9EC4026D1A1E90F20075CD6B /* Pitch PerfectTests.xctest */;
			productType = "com.apple.product-type.bundle.unit-test";
		};
/* End PBXNativeTarget section */

/* Begin PBXProject section */
		9EC402501A1E90F10075CD6B /* Project object */ = {
			isa = PBXProject;
			attributes = {
				LastUpgradeCheck = 0610;
				ORGANIZATIONNAME = Mary;
				TargetAttributes = {
					9EC402571A1E90F10075CD6B = {
						CreatedOnToolsVersion = 6.1;
					};
					9EC4026C1A1E90F20075CD6B = {
						CreatedOnToolsVersion = 6.1;
						TestTargetID = 9EC402571A1E90F10075CD6B;
					};
				};
			};
			buildConfigurationList = 9EC402531A1E90F10075CD6B /* Build configuration list for PBXProject "Pitch Perfect" */;
			compatibilityVersion = "Xcode 3.2";
			developmentRegion = English;
			hasScannedForEncodings = 0;
			knownRegions = (
				en,
				Base,
			);
			mainGroup = 9EC4024F1A1E90F10075CD6B;
			productRefGroup = 9EC402591A1E90F10075CD6B /* Products */;
			projectDirPath = "";
			projectRoot = "";
			targets = (
				9EC402571A1E90F10075CD6B /* Pitch Perfect */,
				9EC4026C1A1E90F20075CD6B /* Pitch PerfectTests */,
			);
		};
/* End PBXProject section */

/* Begin PBXResourcesBuildPhase section */
		9EC402561A1E90F10075CD6B /* Resources */ = {
			isa = PBXResourcesBuildPhase;
			buildActionMask = 2147483647;
			files = (
				9EC402631A1E90F10075CD6B /* \.storyboard in Resources */,
				9E0B01DE1A2CB520006E27FD /* Images.xcassets in Resources */,
				9EC402681A1E90F10075CD6B /* LaunchScreen.xib in Resources */,
				9E0390DA1A24E7E0007D38F7 /* movie_quote.mp3 in Resources */,
			);
			runOnlyForDeploymentPostprocessing = 0;
		};
		9EC4026B1A1E90F20075CD6B /* Resources */ = {
			isa = PBXResourcesBuildPhase;
			buildActionMask = 2147483647;
			files = (
			);
			runOnlyForDeploymentPostprocessing = 0;
		};
/* End PBXResourcesBuildPhase section */

/* Begin PBXSourcesBuildPhase section */
		9EC402541A1E90F10075CD6B /* Sources */ = {
			isa = PBXSourcesBuildPhase;
			buildActionMask = 2147483647;
			files = (
				9E0B01DC1A2C9D88006E27FD /* RecordedAudio.swift in Sources */,
				9EC402601A1E90F10075CD6B /* RecordSoundsViewController.swift in Sources */,
				9E0390D81A24DDA7007D38F7 /* PlaySoundsViewController.swift in Sources */,
				9EC4025E1A1E90F10075CD6B /* AppDelegate.swift in Sources */,
			);
			runOnlyForDeploymentPostprocessing = 0;
		};
		9EC402691A1E90F20075CD6B /* Sources */ = {
			isa = PBXSourcesBuildPhase;
			buildActionMask = 2147483647;
			files = (
				9EC402741A1E90F20075CD6B /* Pitch_PerfectTests.swift in Sources */,
			);
			runOnlyForDeploymentPostprocessing = 0;
		};
/* End PBXSourcesBuildPhase section */

/* Begin PBXTargetDependency section */
		9EC4026F1A1E90F20075CD6B /* PBXTargetDependency */ = {
			isa = PBXTargetDependency;
			target = 9EC402571A1E90F10075CD6B /* Pitch Perfect */;
			targetProxy = 9EC4026E1A1E90F20075CD6B /* PBXContainerItemProxy */;
		};
/* End PBXTargetDependency section */

/* Begin PBXVariantGroup section */
		9EC402611A1E90F10075CD6B /* \.storyboard */ = {
			isa = PBXVariantGroup;
			children = (
				9EC402621A1E90F10075CD6B /* Base */,
			);
			name = "\\.storyboard";
			sourceTree = "<group>";
		};
		9EC402661A1E90F10075CD6B /* LaunchScreen.xib */ = {
			isa = PBXVariantGroup;
			children = (
				9EC402671A1E90F10075CD6B /* Base */,
			);
			name = LaunchScreen.xib;
			sourceTree = "<group>";
		};
/* End PBXVariantGroup section */

/* Begin XCBuildConfiguration section */
		9EC402751A1E90F20075CD6B /* Debug */ = {
			isa = XCBuildConfiguration;
			buildSettings = {
				ALWAYS_SEARCH_USER_PATHS = NO;
				CLANG_CXX_LANGUAGE_STANDARD = "gnu++0x";
				CLANG_CXX_LIBRARY = "libc++";
				CLANG_ENABLE_MODULES = YES;
				CLANG_ENABLE_OBJC_ARC = YES;
				CLANG_WARN_BOOL_CONVERSION = YES;
				CLANG_WARN_CONSTANT_CONVERSION = YES;
				CLANG_WARN_DIRECT_OBJC_ISA_USAGE = YES_ERROR;
				CLANG_WARN_EMPTY_BODY = YES;
				CLANG_WARN_ENUM_CONVERSION = YES;
				CLANG_WARN_INT_CONVERSION = YES;
				CLANG_WARN_OBJC_ROOT_CLASS = YES_ERROR;
				CLANG_WARN_UNREACHABLE_CODE = YES;
				CLANG_WARN__DUPLICATE_METHOD_MATCH = YES;
				"CODE_SIGN_IDENTITY[sdk=iphoneos*]" = "iPhone Developer";
				COPY_PHASE_STRIP = NO;
				ENABLE_STRICT_OBJC_MSGSEND = YES;
				GCC_C_LANGUAGE_STANDARD = gnu99;
				GCC_DYNAMIC_NO_PIC = NO;
				GCC_OPTIMIZATION_LEVEL = 0;
				GCC_PREPROCESSOR_DEFINITIONS = (
					"DEBUG=1",
					"$(inherited)",
				);
				GCC_SYMBOLS_PRIVATE_EXTERN = NO;
				GCC_WARN_64_TO_32_BIT_CONVERSION = YES;
				GCC_WARN_ABOUT_RETURN_TYPE = YES_ERROR;
				GCC_WARN_UNDECLARED_SELECTOR = YES;
				GCC_WARN_UNINITIALIZED_AUTOS = YES_AGGRESSIVE;
				GCC_WARN_UNUSED_FUNCTION = YES;
				GCC_WARN_UNUSED_VARIABLE = YES;
				IPHONEOS_DEPLOYMENT_TARGET = 8.1;
				MTL_ENABLE_DEBUG_INFO = YES;
				ONLY_ACTIVE_ARCH = YES;
				SDKROOT = iphoneos;
				SWIFT_OPTIMIZATION_LEVEL = "-Onone";
			};
			name = Debug;
		};
		9EC402761A1E90F20075CD6B /* Release */ = {
			isa = XCBuildConfiguration;
			buildSettings = {
				ALWAYS_SEARCH_USER_PATHS = NO;
				CLANG_CXX_LANGUAGE_STANDARD = "gnu++0x";
				CLANG_CXX_LIBRARY = "libc++";
				CLANG_ENABLE_MODULES = YES;
				CLANG_ENABLE_OBJC_ARC = YES;
				CLANG_WARN_BOOL_CONVERSION = YES;
				CLANG_WARN_CONSTANT_CONVERSION = YES;
				CLANG_WARN_DIRECT_OBJC_ISA_USAGE = YES_ERROR;
				CLANG_WARN_EMPTY_BODY = YES;
				CLANG_WARN_ENUM_CONVERSION = YES;
				CLANG_WARN_INT_CONVERSION = YES;
				CLANG_WARN_OBJC_ROOT_CLASS = YES_ERROR;
				CLANG_WARN_UNREACHABLE_CODE = YES;
				CLANG_WARN__DUPLICATE_METHOD_MATCH = YES;
				"CODE_SIGN_IDENTITY[sdk=iphoneos*]" = "iPhone Developer";
				COPY_PHASE_STRIP = YES;
				ENABLE_NS_ASSERTIONS = NO;
				ENABLE_STRICT_OBJC_MSGSEND = YES;
				GCC_C_LANGUAGE_STANDARD = gnu99;
				GCC_WARN_64_TO_32_BIT_CONVERSION = YES;
				GCC_WARN_ABOUT_RETURN_TYPE = YES_ERROR;
				GCC_WARN_UNDECLARED_SELECTOR = YES;
				GCC_WARN_UNINITIALIZED_AUTOS = YES_AGGRESSIVE;
				GCC_WARN_UNUSED_FUNCTION = YES;
				GCC_WARN_UNUSED_VARIABLE = YES;
				IPHONEOS_DEPLOYMENT_TARGET = 8.1;
				MTL_ENABLE_DEBUG_INFO = NO;
				SDKROOT = iphoneos;
				VALIDATE_PRODUCT = YES;
			};
			name = Release;
		};
		9EC402781A1E90F20075CD6B /* Debug */ = {
			isa = XCBuildConfiguration;
			buildSettings = {
				ASSETCATALOG_COMPILER_APPICON_NAME = AppIcon;
				INFOPLIST_FILE = "Pitch Perfect/Info.plist";
				LD_RUNPATH_SEARCH_PATHS = "$(inherited) @executable_path/Frameworks";
				PRODUCT_NAME = "$(TARGET_NAME)";
			};
			name = Debug;
		};
		9EC402791A1E90F20075CD6B /* Release */ = {
			isa = XCBuildConfiguration;
			buildSettings = {
				ASSETCATALOG_COMPILER_APPICON_NAME = AppIcon;
				INFOPLIST_FILE = "Pitch Perfect/Info.plist";
				LD_RUNPATH_SEARCH_PATHS = "$(inherited) @executable_path/Frameworks";
				PRODUCT_NAME = "$(TARGET_NAME)";
			};
			name = Release;
		};
		9EC4027B1A1E90F20075CD6B /* Debug */ = {
			isa = XCBuildConfiguration;
			buildSettings = {
				BUNDLE_LOADER = "$(TEST_HOST)";
				FRAMEWORK_SEARCH_PATHS = (
					"$(SDKROOT)/Developer/Library/Frameworks",
					"$(inherited)",
				);
				GCC_PREPROCESSOR_DEFINITIONS = (
					"DEBUG=1",
					"$(inherited)",
				);
				INFOPLIST_FILE = "Pitch PerfectTests/Info.plist";
				LD_RUNPATH_SEARCH_PATHS = "$(inherited) @executable_path/Frameworks @loader_path/Frameworks";
				PRODUCT_NAME = "$(TARGET_NAME)";
				TEST_HOST = "$(BUILT_PRODUCTS_DIR)/Pitch Perfect.app/Pitch Perfect";
			};
			name = Debug;
		};
		9EC4027C1A1E90F20075CD6B /* Release */ = {
			isa = XCBuildConfiguration;
			buildSettings = {
				BUNDLE_LOADER = "$(TEST_HOST)";
				FRAMEWORK_SEARCH_PATHS = (
					"$(SDKROOT)/Developer/Library/Frameworks",
					"$(inherited)",
				);
				INFOPLIST_FILE = "Pitch PerfectTests/Info.plist";
				LD_RUNPATH_SEARCH_PATHS = "$(inherited) @executable_path/Frameworks @loader_path/Frameworks";
				PRODUCT_NAME = "$(TARGET_NAME)";
				TEST_HOST = "$(BUILT_PRODUCTS_DIR)/Pitch Perfect.app/Pitch Perfect";
			};
			name = Release;
		};
/* End XCBuildConfiguration section */

/* Begin XCConfigurationList section */
		9EC402531A1E90F10075CD6B /* Build configuration list for PBXProject "Pitch Perfect" */ = {
			isa = XCConfigurationList;
			buildConfigurations = (
				9EC402751A1E90F20075CD6B /* Debug */,
				9EC402761A1E90F20075CD6B /* Release */,
			);
			defaultConfigurationIsVisible = 0;
			defaultConfigurationName = Release;
		};
		9EC402771A1E90F20075CD6B /* Build configuration list for PBXNativeTarget "Pitch Perfect" */ = {
			isa = XCConfigurationList;
			buildConfigurations = (
				9EC402781A1E90F20075CD6B /* Debug */,
				9EC402791A1E90F20075CD6B /* Release */,
			);
			defaultConfigurationIsVisible = 0;
			defaultConfigurationName = Release;
		};
		9EC4027A1A1E90F20075CD6B /* Build configuration list for PBXNativeTarget "Pitch PerfectTests" */ = {
			isa = XCConfigurationList;
			buildConfigurations = (
				9EC4027B1A1E90F20075CD6B /* Debug */,
				9EC4027C1A1E90F20075CD6B /* Release */,
			);
			defaultConfigurationIsVisible = 0;
			defaultConfigurationName = Release;
		};
/* End XCConfigurationList section */
	};
	rootObject = 9EC402501A1E90F10075CD6B /* Project object */;
}
